
Microsoft Visual Studio Solution File, Format Version 12.00
# Visual Studio Version 17
VisualStudioVersion = 17.5.002.0
MinimumVisualStudioVersion = 10.0.40219.1
Project("{9A19103F-16F7-4668-BE54-9A1E7A4F7556}") = "BattleIA.Common", "BattleIA.Common.csproj", "{0426E67F-B087-4942-8CEF-883A639D66F2}"
EndProject
Global
	GlobalSection(SolutionConfigurationPlatforms) = preSolution
		Debug|Any CPU = Debug|Any CPU
		Release|Any CPU = Release|Any CPU
	EndGlobalSection
	GlobalSection(ProjectConfigurationPlatforms) = postSolution
		{0426E67F-B087-4942-8CEF-883A639D66F2}.Debug|Any CPU.ActiveCfg = Debug|Any CPU
		{0426E67F-B087-4942-8CEF-883A639D66F2}.Debug|Any CPU.Build.0 = Debug|Any CPU
		{0426E67F-B087-4942-8CEF-883A639D66F2}.Release|Any CPU.ActiveCfg = Release|Any CPU
		{0426E67F-B087-4942-8CEF-883A639D66F2}.Release|Any CPU.Build.0 = Release|Any CPU
	EndGlobalSection
	GlobalSection(SolutionProperties) = preSolution
		HideSolutionNode = FALSE
	EndGlobalSection
	GlobalSection(ExtensibilityGlobals) = postSolution
		SolutionGuid = {D96ADD59-7DA6-4802-9AC0-AACAD363EEF7}
	EndGlobalSection
EndGlobal
